// !$*UTF8*$!
{
	archiveVersion = 1;
	classes = {
	};
	objectVersion = 56;
	objects = {

/* Begin PBXBuildFile section */
		D30033F72CE026D500E42415 /* FromMainView.swift in Sources */ = {isa = PBXBuildFile; fileRef = D30033F62CE026D500E42415 /* FromMainView.swift */; };
		D30033F92CE026F600E42415 /* FromFriendView.swift in Sources */ = {isa = PBXBuildFile; fileRef = D30033F82CE026F600E42415 /* FromFriendView.swift */; };
		D30033FB2CE0270900E42415 /* FormView.swift in Sources */ = {isa = PBXBuildFile; fileRef = D30033FA2CE0270900E42415 /* FormView.swift */; };
		D315E5CC2C88F78F00E59A87 /* SwiftyCrop in Frameworks */ = {isa = PBXBuildFile; productRef = D315E5CB2C88F78F00E59A87 /* SwiftyCrop */; };
		D3214BAF2CDD559A00C802BA /* Hangout.swift in Sources */ = {isa = PBXBuildFile; fileRef = D3214BAE2CDD559A00C802BA /* Hangout.swift */; };
		D3214BB12CDD55A900C802BA /* SocialNotification.swift in Sources */ = {isa = PBXBuildFile; fileRef = D3214BB02CDD55A900C802BA /* SocialNotification.swift */; };
		D32D700E2D03C9C800AE38B0 /* VertexModel.swift in Sources */ = {isa = PBXBuildFile; fileRef = D32D700D2D03C9C800AE38B0 /* VertexModel.swift */; };
		D32D70102D03CBF300AE38B0 /* GenerateLocationsView.swift in Sources */ = {isa = PBXBuildFile; fileRef = D32D700F2D03CBF300AE38B0 /* GenerateLocationsView.swift */; };
		D33A53E02CC06DF2003605B6 /* AddHangoutView.swift in Sources */ = {isa = PBXBuildFile; fileRef = D33A53DF2CC06DF2003605B6 /* AddHangoutView.swift */; };
		D33C44312CC4527A005A7062 /* FriendView.swift in Sources */ = {isa = PBXBuildFile; fileRef = D33C44302CC4527A005A7062 /* FriendView.swift */; };
		D35AD3BE2CB7014A00CC7B58 /* FriendRequest.swift in Sources */ = {isa = PBXBuildFile; fileRef = D35AD3BD2CB7014A00CC7B58 /* FriendRequest.swift */; };
		D36173262C657A240002CDED /* friendsApp.swift in Sources */ = {isa = PBXBuildFile; fileRef = D36173252C657A240002CDED /* friendsApp.swift */; };
		D361732A2C657A240002CDED /* Assets.xcassets in Resources */ = {isa = PBXBuildFile; fileRef = D36173292C657A240002CDED /* Assets.xcassets */; };
		D361732D2C657A240002CDED /* Preview Assets.xcassets in Resources */ = {isa = PBXBuildFile; fileRef = D361732C2C657A240002CDED /* Preview Assets.xcassets */; };
		D36173342C657A3B0002CDED /* GoogleService-Info.plist in Resources */ = {isa = PBXBuildFile; fileRef = D36173332C657A3B0002CDED /* GoogleService-Info.plist */; };
		D36B6C822C8A187300FF25CC /* Kingfisher in Frameworks */ = {isa = PBXBuildFile; productRef = D36B6C812C8A187300FF25CC /* Kingfisher */; };
		D36B6C842C8A3B3800FF25CC /* SettingsViewExtras.swift in Sources */ = {isa = PBXBuildFile; fileRef = D36B6C832C8A3B3800FF25CC /* SettingsViewExtras.swift */; };
		D36B6C862C8A41C400FF25CC /* AccessCameraView.swift in Sources */ = {isa = PBXBuildFile; fileRef = D36B6C852C8A41C400FF25CC /* AccessCameraView.swift */; };
		D36F33D12D03BF5700710ACC /* FirebaseVertexAI-Preview in Frameworks */ = {isa = PBXBuildFile; productRef = D36F33D02D03BF5700710ACC /* FirebaseVertexAI-Preview */; };
		D3750ADA2CB9D94A00FF69F2 /* FriendsListView.swift in Sources */ = {isa = PBXBuildFile; fileRef = D3750AD92CB9D94A00FF69F2 /* FriendsListView.swift */; };
		D3847E372C89437200694EF8 /* FirebaseStorage in Frameworks */ = {isa = PBXBuildFile; productRef = D3847E362C89437200694EF8 /* FirebaseStorage */; };
		D3847E392C89437200694EF8 /* FirebaseStorageCombine-Community in Frameworks */ = {isa = PBXBuildFile; productRef = D3847E382C89437200694EF8 /* FirebaseStorageCombine-Community */; };
		D39136CB2CBC76B4009C1C2E /* SocialVM.swift in Sources */ = {isa = PBXBuildFile; fileRef = D39136CA2CBC76B4009C1C2E /* SocialVM.swift */; };
		D39960DB2C82667800A641E6 /* TestFunctions.swift in Sources */ = {isa = PBXBuildFile; fileRef = D39960DA2C82667800A641E6 /* TestFunctions.swift */; };
		D39EF7C12C69819700040765 /* GoogleSignInHelper.swift in Sources */ = {isa = PBXBuildFile; fileRef = D39EF7BC2C69819700040765 /* GoogleSignInHelper.swift */; };
		D39EF7C22C69819700040765 /* Utilities.swift in Sources */ = {isa = PBXBuildFile; fileRef = D39EF7BD2C69819700040765 /* Utilities.swift */; };
		D39EF7C32C69819700040765 /* AuthenticationManager.swift in Sources */ = {isa = PBXBuildFile; fileRef = D39EF7BE2C69819700040765 /* AuthenticationManager.swift */; };
		D39EF7C42C69819700040765 /* AppleSignInHelper.swift in Sources */ = {isa = PBXBuildFile; fileRef = D39EF7BF2C69819700040765 /* AppleSignInHelper.swift */; };
		D39EF7C52C69819700040765 /* GlobalVariables.swift in Sources */ = {isa = PBXBuildFile; fileRef = D39EF7C02C69819700040765 /* GlobalVariables.swift */; };
		D39EF7CE2C6981BD00040765 /* CustomViews.swift in Sources */ = {isa = PBXBuildFile; fileRef = D39EF7C72C6981BD00040765 /* CustomViews.swift */; };
		D39EF7CF2C6981BD00040765 /* SettingsView.swift in Sources */ = {isa = PBXBuildFile; fileRef = D39EF7C92C6981BD00040765 /* SettingsView.swift */; };
		D39EF7D02C6981BD00040765 /* UserProfileView.swift in Sources */ = {isa = PBXBuildFile; fileRef = D39EF7CA2C6981BD00040765 /* UserProfileView.swift */; };
		D39EF7D12C6981BD00040765 /* RootView.swift in Sources */ = {isa = PBXBuildFile; fileRef = D39EF7CB2C6981BD00040765 /* RootView.swift */; };
		D39EF7D22C6981BD00040765 /* SignInView.swift in Sources */ = {isa = PBXBuildFile; fileRef = D39EF7CC2C6981BD00040765 /* SignInView.swift */; };
		D39EF7D32C6981BD00040765 /* SignUpView.swift in Sources */ = {isa = PBXBuildFile; fileRef = D39EF7CD2C6981BD00040765 /* SignUpView.swift */; };
		D39EF7D72C6981C500040765 /* AuthenticationVM.swift in Sources */ = {isa = PBXBuildFile; fileRef = D39EF7D52C6981C400040765 /* AuthenticationVM.swift */; };
		D39EF7E22C6AA56B00040765 /* FirebaseAuth in Frameworks */ = {isa = PBXBuildFile; productRef = D39EF7E12C6AA56B00040765 /* FirebaseAuth */; };
		D39EF7E72C6AB16100040765 /* FirebaseFirestore in Frameworks */ = {isa = PBXBuildFile; productRef = D39EF7E62C6AB16100040765 /* FirebaseFirestore */; };
		D39EF7E92C6AB16100040765 /* FirebaseFirestoreSwift in Frameworks */ = {isa = PBXBuildFile; productRef = D39EF7E82C6AB16100040765 /* FirebaseFirestoreSwift */; };
		D39EF7EB2C6AB73000040765 /* UserManager.swift in Sources */ = {isa = PBXBuildFile; fileRef = D39EF7EA2C6AB73000040765 /* UserManager.swift */; };
		D3A84B5E2C6C13680023500F /* GetInformationView.swift in Sources */ = {isa = PBXBuildFile; fileRef = D3A84B5D2C6C13680023500F /* GetInformationView.swift */; };
		D3A84B602C6D13B60023500F /* MainView.swift in Sources */ = {isa = PBXBuildFile; fileRef = D3A84B5F2C6D13B60023500F /* MainView.swift */; };
		D3C5FD272C9CD2190092B0F7 /* Typesense in Frameworks */ = {isa = PBXBuildFile; productRef = D3C5FD262C9CD2190092B0F7 /* Typesense */; };
		D3C5FD292C9CD2580092B0F7 /* TypesenseManager.swift in Sources */ = {isa = PBXBuildFile; fileRef = D3C5FD282C9CD2580092B0F7 /* TypesenseManager.swift */; };
		D3D459CA2CB4D195005B6B51 /* NotificationsView.swift in Sources */ = {isa = PBXBuildFile; fileRef = D3D459C92CB4D195005B6B51 /* NotificationsView.swift */; };
		D3D88C902C6582ED00DEBE14 /* FirebaseAnalytics in Frameworks */ = {isa = PBXBuildFile; productRef = D3D88C8F2C6582ED00DEBE14 /* FirebaseAnalytics */; };
		D3D88C962C6582ED00DEBE14 /* FirebaseAuthCombine-Community in Frameworks */ = {isa = PBXBuildFile; productRef = D3D88C952C6582ED00DEBE14 /* FirebaseAuthCombine-Community */; };
		D3D88C992C6582FC00DEBE14 /* GoogleSignIn in Frameworks */ = {isa = PBXBuildFile; productRef = D3D88C982C6582FC00DEBE14 /* GoogleSignIn */; };
		D3D88C9B2C6582FC00DEBE14 /* GoogleSignInSwift in Frameworks */ = {isa = PBXBuildFile; productRef = D3D88C9A2C6582FC00DEBE14 /* GoogleSignInSwift */; };
		D3DA02532CB1ED0900F271E7 /* FirebaseFunctions in Frameworks */ = {isa = PBXBuildFile; productRef = D3DA02522CB1ED0900F271E7 /* FirebaseFunctions */; };
		D3DA02552CB1ED0900F271E7 /* FirebaseFunctionsCombine-Community in Frameworks */ = {isa = PBXBuildFile; productRef = D3DA02542CB1ED0900F271E7 /* FirebaseFunctionsCombine-Community */; };
		D3DA02572CB43FFC00F271E7 /* TypesenseVM.swift in Sources */ = {isa = PBXBuildFile; fileRef = D3DA02562CB43FFC00F271E7 /* TypesenseVM.swift */; };
		D3DA02592CB4582900F271E7 /* SearchBarView.swift in Sources */ = {isa = PBXBuildFile; fileRef = D3DA02582CB4582900F271E7 /* SearchBarView.swift */; };
		D3F4E0332D03F6DE000B6EE5 /* MarkdownUI in Frameworks */ = {isa = PBXBuildFile; productRef = D3F4E0322D03F6DE000B6EE5 /* MarkdownUI */; };
		D3F4E0382D093E32000B6EE5 /* HangoutEnums.swift in Sources */ = {isa = PBXBuildFile; fileRef = D3F4E0372D093E2E000B6EE5 /* HangoutEnums.swift */; };
		D3F4E03A2D093E95000B6EE5 /* HangoutFunctions.swift in Sources */ = {isa = PBXBuildFile; fileRef = D3F4E0392D093E92000B6EE5 /* HangoutFunctions.swift */; };
		D3F4E03C2D093EC0000B6EE5 /* HangoutManager.swift in Sources */ = {isa = PBXBuildFile; fileRef = D3F4E03B2D093EBC000B6EE5 /* HangoutManager.swift */; };
		D3F4E03F2D0942AB000B6EE5 /* Social Notification Enums.swift in Sources */ = {isa = PBXBuildFile; fileRef = D3F4E03E2D0942A7000B6EE5 /* Social Notification Enums.swift */; };
		D3FCD1072C6D5D8F002D4CEA /* Errors.swift in Sources */ = {isa = PBXBuildFile; fileRef = D3FCD1062C6D5D8F002D4CEA /* Errors.swift */; };
/* End PBXBuildFile section */

/* Begin PBXFileReference section */
		D30033F62CE026D500E42415 /* FromMainView.swift */ = {isa = PBXFileReference; lastKnownFileType = sourcecode.swift; path = FromMainView.swift; sourceTree = "<group>"; };
		D30033F82CE026F600E42415 /* FromFriendView.swift */ = {isa = PBXFileReference; lastKnownFileType = sourcecode.swift; path = FromFriendView.swift; sourceTree = "<group>"; };
		D30033FA2CE0270900E42415 /* FormView.swift */ = {isa = PBXFileReference; lastKnownFileType = sourcecode.swift; path = FormView.swift; sourceTree = "<group>"; };
		D3214BAE2CDD559A00C802BA /* Hangout.swift */ = {isa = PBXFileReference; lastKnownFileType = sourcecode.swift; path = Hangout.swift; sourceTree = "<group>"; };
		D3214BB02CDD55A900C802BA /* SocialNotification.swift */ = {isa = PBXFileReference; lastKnownFileType = sourcecode.swift; path = SocialNotification.swift; sourceTree = "<group>"; };
		D32D700D2D03C9C800AE38B0 /* VertexModel.swift */ = {isa = PBXFileReference; lastKnownFileType = sourcecode.swift; path = VertexModel.swift; sourceTree = "<group>"; };
		D32D700F2D03CBF300AE38B0 /* GenerateLocationsView.swift */ = {isa = PBXFileReference; lastKnownFileType = sourcecode.swift; path = GenerateLocationsView.swift; sourceTree = "<group>"; };
		D33A53DF2CC06DF2003605B6 /* AddHangoutView.swift */ = {isa = PBXFileReference; lastKnownFileType = sourcecode.swift; path = AddHangoutView.swift; sourceTree = "<group>"; };
		D33C44302CC4527A005A7062 /* FriendView.swift */ = {isa = PBXFileReference; lastKnownFileType = sourcecode.swift; path = FriendView.swift; sourceTree = "<group>"; };
		D35AD3BD2CB7014A00CC7B58 /* FriendRequest.swift */ = {isa = PBXFileReference; lastKnownFileType = sourcecode.swift; path = FriendRequest.swift; sourceTree = "<group>"; };
		D36173222C657A240002CDED /* friends.app */ = {isa = PBXFileReference; explicitFileType = wrapper.application; includeInIndex = 0; path = friends.app; sourceTree = BUILT_PRODUCTS_DIR; };
		D36173252C657A240002CDED /* friendsApp.swift */ = {isa = PBXFileReference; lastKnownFileType = sourcecode.swift; path = friendsApp.swift; sourceTree = "<group>"; };
		D36173292C657A240002CDED /* Assets.xcassets */ = {isa = PBXFileReference; lastKnownFileType = folder.assetcatalog; path = Assets.xcassets; sourceTree = "<group>"; };
		D361732C2C657A240002CDED /* Preview Assets.xcassets */ = {isa = PBXFileReference; lastKnownFileType = folder.assetcatalog; path = "Preview Assets.xcassets"; sourceTree = "<group>"; };
		D36173332C657A3B0002CDED /* GoogleService-Info.plist */ = {isa = PBXFileReference; fileEncoding = 4; lastKnownFileType = text.plist.xml; path = "GoogleService-Info.plist"; sourceTree = "<group>"; };
		D36B6C832C8A3B3800FF25CC /* SettingsViewExtras.swift */ = {isa = PBXFileReference; lastKnownFileType = sourcecode.swift; path = SettingsViewExtras.swift; sourceTree = "<group>"; };
		D36B6C852C8A41C400FF25CC /* AccessCameraView.swift */ = {isa = PBXFileReference; lastKnownFileType = sourcecode.swift; path = AccessCameraView.swift; sourceTree = "<group>"; };
		D3750AD92CB9D94A00FF69F2 /* FriendsListView.swift */ = {isa = PBXFileReference; lastKnownFileType = sourcecode.swift; path = FriendsListView.swift; sourceTree = "<group>"; };
		D390C6132C66EFB7008BC14B /* friends.entitlements */ = {isa = PBXFileReference; lastKnownFileType = text.plist.entitlements; path = friends.entitlements; sourceTree = "<group>"; };
		D39136CA2CBC76B4009C1C2E /* SocialVM.swift */ = {isa = PBXFileReference; lastKnownFileType = sourcecode.swift; path = SocialVM.swift; sourceTree = "<group>"; };
		D39960DA2C82667800A641E6 /* TestFunctions.swift */ = {isa = PBXFileReference; lastKnownFileType = sourcecode.swift; path = TestFunctions.swift; sourceTree = "<group>"; };
		D39EF7BC2C69819700040765 /* GoogleSignInHelper.swift */ = {isa = PBXFileReference; fileEncoding = 4; lastKnownFileType = sourcecode.swift; path = GoogleSignInHelper.swift; sourceTree = "<group>"; };
		D39EF7BD2C69819700040765 /* Utilities.swift */ = {isa = PBXFileReference; fileEncoding = 4; lastKnownFileType = sourcecode.swift; path = Utilities.swift; sourceTree = "<group>"; };
		D39EF7BE2C69819700040765 /* AuthenticationManager.swift */ = {isa = PBXFileReference; fileEncoding = 4; lastKnownFileType = sourcecode.swift; path = AuthenticationManager.swift; sourceTree = "<group>"; };
		D39EF7BF2C69819700040765 /* AppleSignInHelper.swift */ = {isa = PBXFileReference; fileEncoding = 4; lastKnownFileType = sourcecode.swift; path = AppleSignInHelper.swift; sourceTree = "<group>"; };
		D39EF7C02C69819700040765 /* GlobalVariables.swift */ = {isa = PBXFileReference; fileEncoding = 4; lastKnownFileType = sourcecode.swift; path = GlobalVariables.swift; sourceTree = "<group>"; };
		D39EF7C72C6981BD00040765 /* CustomViews.swift */ = {isa = PBXFileReference; fileEncoding = 4; lastKnownFileType = sourcecode.swift; path = CustomViews.swift; sourceTree = "<group>"; };
		D39EF7C92C6981BD00040765 /* SettingsView.swift */ = {isa = PBXFileReference; fileEncoding = 4; lastKnownFileType = sourcecode.swift; path = SettingsView.swift; sourceTree = "<group>"; };
		D39EF7CA2C6981BD00040765 /* UserProfileView.swift */ = {isa = PBXFileReference; fileEncoding = 4; lastKnownFileType = sourcecode.swift; path = UserProfileView.swift; sourceTree = "<group>"; };
		D39EF7CB2C6981BD00040765 /* RootView.swift */ = {isa = PBXFileReference; fileEncoding = 4; lastKnownFileType = sourcecode.swift; path = RootView.swift; sourceTree = "<group>"; };
		D39EF7CC2C6981BD00040765 /* SignInView.swift */ = {isa = PBXFileReference; fileEncoding = 4; lastKnownFileType = sourcecode.swift; path = SignInView.swift; sourceTree = "<group>"; };
		D39EF7CD2C6981BD00040765 /* SignUpView.swift */ = {isa = PBXFileReference; fileEncoding = 4; lastKnownFileType = sourcecode.swift; path = SignUpView.swift; sourceTree = "<group>"; };
		D39EF7D52C6981C400040765 /* AuthenticationVM.swift */ = {isa = PBXFileReference; fileEncoding = 4; lastKnownFileType = sourcecode.swift; path = AuthenticationVM.swift; sourceTree = "<group>"; };
		D39EF7EA2C6AB73000040765 /* UserManager.swift */ = {isa = PBXFileReference; lastKnownFileType = sourcecode.swift; path = UserManager.swift; sourceTree = "<group>"; };
		D3A84B5D2C6C13680023500F /* GetInformationView.swift */ = {isa = PBXFileReference; lastKnownFileType = sourcecode.swift; path = GetInformationView.swift; sourceTree = "<group>"; };
		D3A84B5F2C6D13B60023500F /* MainView.swift */ = {isa = PBXFileReference; lastKnownFileType = sourcecode.swift; path = MainView.swift; sourceTree = "<group>"; };
		D3C5FD282C9CD2580092B0F7 /* TypesenseManager.swift */ = {isa = PBXFileReference; lastKnownFileType = sourcecode.swift; path = TypesenseManager.swift; sourceTree = "<group>"; };
		D3D459C92CB4D195005B6B51 /* NotificationsView.swift */ = {isa = PBXFileReference; lastKnownFileType = sourcecode.swift; path = NotificationsView.swift; sourceTree = "<group>"; };
		D3D88D092C65863900DEBE14 /* Info.plist */ = {isa = PBXFileReference; lastKnownFileType = text.plist; path = Info.plist; sourceTree = "<group>"; };
		D3DA02562CB43FFC00F271E7 /* TypesenseVM.swift */ = {isa = PBXFileReference; lastKnownFileType = sourcecode.swift; path = TypesenseVM.swift; sourceTree = "<group>"; };
		D3DA02582CB4582900F271E7 /* SearchBarView.swift */ = {isa = PBXFileReference; lastKnownFileType = sourcecode.swift; path = SearchBarView.swift; sourceTree = "<group>"; };
		D3F4E0372D093E2E000B6EE5 /* HangoutEnums.swift */ = {isa = PBXFileReference; lastKnownFileType = sourcecode.swift; path = HangoutEnums.swift; sourceTree = "<group>"; };
		D3F4E0392D093E92000B6EE5 /* HangoutFunctions.swift */ = {isa = PBXFileReference; lastKnownFileType = sourcecode.swift; path = HangoutFunctions.swift; sourceTree = "<group>"; };
		D3F4E03B2D093EBC000B6EE5 /* HangoutManager.swift */ = {isa = PBXFileReference; lastKnownFileType = sourcecode.swift; path = HangoutManager.swift; sourceTree = "<group>"; };
		D3F4E03E2D0942A7000B6EE5 /* Social Notification Enums.swift */ = {isa = PBXFileReference; lastKnownFileType = sourcecode.swift; path = "Social Notification Enums.swift"; sourceTree = "<group>"; };
		D3FCD1062C6D5D8F002D4CEA /* Errors.swift */ = {isa = PBXFileReference; lastKnownFileType = sourcecode.swift; path = Errors.swift; sourceTree = "<group>"; };
/* End PBXFileReference section */

/* Begin PBXFrameworksBuildPhase section */
		D361731F2C657A240002CDED /* Frameworks */ = {
			isa = PBXFrameworksBuildPhase;
			buildActionMask = 2147483647;
			files = (
				D36F33D12D03BF5700710ACC /* FirebaseVertexAI-Preview in Frameworks */,
				D3847E392C89437200694EF8 /* FirebaseStorageCombine-Community in Frameworks */,
				D3D88C992C6582FC00DEBE14 /* GoogleSignIn in Frameworks */,
				D39EF7E22C6AA56B00040765 /* FirebaseAuth in Frameworks */,
				D3847E372C89437200694EF8 /* FirebaseStorage in Frameworks */,
				D3D88C9B2C6582FC00DEBE14 /* GoogleSignInSwift in Frameworks */,
				D39EF7E92C6AB16100040765 /* FirebaseFirestoreSwift in Frameworks */,
				D315E5CC2C88F78F00E59A87 /* SwiftyCrop in Frameworks */,
				D3DA02552CB1ED0900F271E7 /* FirebaseFunctionsCombine-Community in Frameworks */,
				D3D88C902C6582ED00DEBE14 /* FirebaseAnalytics in Frameworks */,
				D36B6C822C8A187300FF25CC /* Kingfisher in Frameworks */,
				D3F4E0332D03F6DE000B6EE5 /* MarkdownUI in Frameworks */,
				D3DA02532CB1ED0900F271E7 /* FirebaseFunctions in Frameworks */,
				D3C5FD272C9CD2190092B0F7 /* Typesense in Frameworks */,
				D3D88C962C6582ED00DEBE14 /* FirebaseAuthCombine-Community in Frameworks */,
				D39EF7E72C6AB16100040765 /* FirebaseFirestore in Frameworks */,
			);
			runOnlyForDeploymentPostprocessing = 0;
		};
/* End PBXFrameworksBuildPhase section */

/* Begin PBXGroup section */
		D30033F52CE026AE00E42415 /* Hangout Views */ = {
			isa = PBXGroup;
			children = (
				D33A53DF2CC06DF2003605B6 /* AddHangoutView.swift */,
				D30033F62CE026D500E42415 /* FromMainView.swift */,
				D30033F82CE026F600E42415 /* FromFriendView.swift */,
				D30033FA2CE0270900E42415 /* FormView.swift */,
				D32D700F2D03CBF300AE38B0 /* GenerateLocationsView.swift */,
			);
			path = "Hangout Views";
			sourceTree = "<group>";
		};
		D35AD3B82CB700C300CC7B58 /* Authentication */ = {
			isa = PBXGroup;
			children = (
				D39EF7BE2C69819700040765 /* AuthenticationManager.swift */,
				D39EF7BF2C69819700040765 /* AppleSignInHelper.swift */,
				D39EF7BC2C69819700040765 /* GoogleSignInHelper.swift */,
			);
			path = Authentication;
			sourceTree = "<group>";
		};
		D35AD3B92CB700D900CC7B58 /* Social */ = {
			isa = PBXGroup;
			children = (
				D39EF7EA2C6AB73000040765 /* UserManager.swift */,
				D3C5FD282C9CD2580092B0F7 /* TypesenseManager.swift */,
				D35AD3BD2CB7014A00CC7B58 /* FriendRequest.swift */,
				D3F4E03D2D094296000B6EE5 /* Social Notification */,
				D3F4E0362D093E1E000B6EE5 /* Hangout */,
			);
			path = Social;
			sourceTree = "<group>";
		};
		D36173192C657A240002CDED = {
			isa = PBXGroup;
			children = (
				D36173242C657A240002CDED /* friends */,
				D36173232C657A240002CDED /* Products */,
				D39EF7E02C6AA56B00040765 /* Frameworks */,
			);
			sourceTree = "<group>";
		};
		D36173232C657A240002CDED /* Products */ = {
			isa = PBXGroup;
			children = (
				D36173222C657A240002CDED /* friends.app */,
			);
			name = Products;
			sourceTree = "<group>";
		};
		D36173242C657A240002CDED /* friends */ = {
			isa = PBXGroup;
			children = (
				D39EF7D42C6981C400040765 /* Models */,
				D39EF7C62C6981BD00040765 /* Views */,
				D39EF7BB2C69819700040765 /* Misc */,
				D390C6132C66EFB7008BC14B /* friends.entitlements */,
				D3D88D092C65863900DEBE14 /* Info.plist */,
				D36173332C657A3B0002CDED /* GoogleService-Info.plist */,
				D36173252C657A240002CDED /* friendsApp.swift */,
				D36173292C657A240002CDED /* Assets.xcassets */,
				D361732B2C657A240002CDED /* Preview Content */,
			);
			path = friends;
			sourceTree = "<group>";
		};
		D361732B2C657A240002CDED /* Preview Content */ = {
			isa = PBXGroup;
			children = (
				D361732C2C657A240002CDED /* Preview Assets.xcassets */,
			);
			path = "Preview Content";
			sourceTree = "<group>";
		};
		D37CC4932C82BA8F003015A9 /* Misc */ = {
			isa = PBXGroup;
			children = (
				D39EF7C72C6981BD00040765 /* CustomViews.swift */,
			);
			path = Misc;
			sourceTree = "<group>";
		};
		D37CC4942C82BAF0003015A9 /* User Settings */ = {
			isa = PBXGroup;
			children = (
				D39EF7CA2C6981BD00040765 /* UserProfileView.swift */,
				D39EF7C92C6981BD00040765 /* SettingsView.swift */,
				D36B6C832C8A3B3800FF25CC /* SettingsViewExtras.swift */,
				D36B6C852C8A41C400FF25CC /* AccessCameraView.swift */,
			);
			path = "User Settings";
			sourceTree = "<group>";
		};
		D39EF7BB2C69819700040765 /* Misc */ = {
			isa = PBXGroup;
			children = (
				D35AD3B82CB700C300CC7B58 /* Authentication */,
				D35AD3B92CB700D900CC7B58 /* Social */,
				D39EF7BD2C69819700040765 /* Utilities.swift */,
				D39EF7C02C69819700040765 /* GlobalVariables.swift */,
				D3FCD1062C6D5D8F002D4CEA /* Errors.swift */,
			);
			path = Misc;
			sourceTree = "<group>";
		};
		D39EF7C62C6981BD00040765 /* Views */ = {
			isa = PBXGroup;
			children = (
				D39EF7E32C6AA7D300040765 /* Root */,
				D3C4DB762CB4B0F5009FB177 /* Social */,
				D39EF7C82C6981BD00040765 /* Authentication */,
				D37CC4942C82BAF0003015A9 /* User Settings */,
				D37CC4932C82BA8F003015A9 /* Misc */,
			);
			path = Views;
			sourceTree = "<group>";
		};
		D39EF7C82C6981BD00040765 /* Authentication */ = {
			isa = PBXGroup;
			children = (
				D39EF7CC2C6981BD00040765 /* SignInView.swift */,
				D39EF7CD2C6981BD00040765 /* SignUpView.swift */,
				D3A84B5D2C6C13680023500F /* GetInformationView.swift */,
			);
			path = Authentication;
			sourceTree = "<group>";
		};
		D39EF7D42C6981C400040765 /* Models */ = {
			isa = PBXGroup;
			children = (
				D39EF7D52C6981C400040765 /* AuthenticationVM.swift */,
				D3DA02562CB43FFC00F271E7 /* TypesenseVM.swift */,
				D39136CA2CBC76B4009C1C2E /* SocialVM.swift */,
				D32D700D2D03C9C800AE38B0 /* VertexModel.swift */,
			);
			path = Models;
			sourceTree = "<group>";
		};
		D39EF7E02C6AA56B00040765 /* Frameworks */ = {
			isa = PBXGroup;
			children = (
			);
			name = Frameworks;
			sourceTree = "<group>";
		};
		D39EF7E32C6AA7D300040765 /* Root */ = {
			isa = PBXGroup;
			children = (
				D39EF7CB2C6981BD00040765 /* RootView.swift */,
				D3A84B5F2C6D13B60023500F /* MainView.swift */,
				D39960DA2C82667800A641E6 /* TestFunctions.swift */,
			);
			path = Root;
			sourceTree = "<group>";
		};
		D3C4DB762CB4B0F5009FB177 /* Social */ = {
			isa = PBXGroup;
			children = (
				D33C44302CC4527A005A7062 /* FriendView.swift */,
				D3750AD92CB9D94A00FF69F2 /* FriendsListView.swift */,
				D3DA02582CB4582900F271E7 /* SearchBarView.swift */,
				D3D459C92CB4D195005B6B51 /* NotificationsView.swift */,
				D30033F52CE026AE00E42415 /* Hangout Views */,
			);
			path = Social;
			sourceTree = "<group>";
		};
		D3F4E0362D093E1E000B6EE5 /* Hangout */ = {
			isa = PBXGroup;
			children = (
				D3214BAE2CDD559A00C802BA /* Hangout.swift */,
				D3F4E0372D093E2E000B6EE5 /* HangoutEnums.swift */,
				D3F4E0392D093E92000B6EE5 /* HangoutFunctions.swift */,
				D3F4E03B2D093EBC000B6EE5 /* HangoutManager.swift */,
			);
			path = Hangout;
			sourceTree = "<group>";
		};
		D3F4E03D2D094296000B6EE5 /* Social Notification */ = {
			isa = PBXGroup;
			children = (
				D3F4E03E2D0942A7000B6EE5 /* Social Notification Enums.swift */,
				D3214BB02CDD55A900C802BA /* SocialNotification.swift */,
			);
			path = "Social Notification";
			sourceTree = "<group>";
		};
/* End PBXGroup section */

/* Begin PBXNativeTarget section */
		D36173212C657A240002CDED /* friends */ = {
			isa = PBXNativeTarget;
			buildConfigurationList = D36173302C657A240002CDED /* Build configuration list for PBXNativeTarget "friends" */;
			buildPhases = (
				D361731E2C657A240002CDED /* Sources */,
				D361731F2C657A240002CDED /* Frameworks */,
				D36173202C657A240002CDED /* Resources */,
			);
			buildRules = (
			);
			dependencies = (
			);
			name = friends;
			packageProductDependencies = (
				D3D88C8F2C6582ED00DEBE14 /* FirebaseAnalytics */,
				D3D88C952C6582ED00DEBE14 /* FirebaseAuthCombine-Community */,
				D3D88C982C6582FC00DEBE14 /* GoogleSignIn */,
				D3D88C9A2C6582FC00DEBE14 /* GoogleSignInSwift */,
				D39EF7E12C6AA56B00040765 /* FirebaseAuth */,
				D39EF7E62C6AB16100040765 /* FirebaseFirestore */,
				D39EF7E82C6AB16100040765 /* FirebaseFirestoreSwift */,
				D315E5CB2C88F78F00E59A87 /* SwiftyCrop */,
				D3847E362C89437200694EF8 /* FirebaseStorage */,
				D3847E382C89437200694EF8 /* FirebaseStorageCombine-Community */,
				D36B6C812C8A187300FF25CC /* Kingfisher */,
				D3C5FD262C9CD2190092B0F7 /* Typesense */,
				D3DA02522CB1ED0900F271E7 /* FirebaseFunctions */,
				D3DA02542CB1ED0900F271E7 /* FirebaseFunctionsCombine-Community */,
				D36F33D02D03BF5700710ACC /* FirebaseVertexAI-Preview */,
				D3F4E0322D03F6DE000B6EE5 /* MarkdownUI */,
			);
			productName = friends;
			productReference = D36173222C657A240002CDED /* friends.app */;
			productType = "com.apple.product-type.application";
		};
/* End PBXNativeTarget section */

/* Begin PBXProject section */
		D361731A2C657A240002CDED /* Project object */ = {
			isa = PBXProject;
			attributes = {
				BuildIndependentTargetsInParallel = 1;
				LastSwiftUpdateCheck = 1430;
				LastUpgradeCheck = 1540;
				TargetAttributes = {
					D36173212C657A240002CDED = {
						CreatedOnToolsVersion = 14.3.1;
					};
				};
			};
			buildConfigurationList = D361731D2C657A240002CDED /* Build configuration list for PBXProject "friends" */;
			compatibilityVersion = "Xcode 14.0";
			developmentRegion = en;
			hasScannedForEncodings = 0;
			knownRegions = (
				en,
				Base,
			);
			mainGroup = D36173192C657A240002CDED;
			packageReferences = (
				D3D88C8E2C6582ED00DEBE14 /* XCRemoteSwiftPackageReference "firebase-ios-sdk" */,
				D3D88C972C6582FC00DEBE14 /* XCRemoteSwiftPackageReference "GoogleSignIn-iOS" */,
				D37CC4902C828C57003015A9 /* XCRemoteSwiftPackageReference "JWTDecode" */,
				D315E5CA2C88F78F00E59A87 /* XCRemoteSwiftPackageReference "SwiftyCrop" */,
				D36B6C802C8A187300FF25CC /* XCRemoteSwiftPackageReference "Kingfisher" */,
				D3C5FD252C9CD2190092B0F7 /* XCRemoteSwiftPackageReference "typesense-swift" */,
				D32D70112D03F62300AE38B0 /* XCRemoteSwiftPackageReference "swift-markdown-ui" */,
			);
			productRefGroup = D36173232C657A240002CDED /* Products */;
			projectDirPath = "";
			projectRoot = "";
			targets = (
				D36173212C657A240002CDED /* friends */,
			);
		};
/* End PBXProject section */

/* Begin PBXResourcesBuildPhase section */
		D36173202C657A240002CDED /* Resources */ = {
			isa = PBXResourcesBuildPhase;
			buildActionMask = 2147483647;
			files = (
				D361732D2C657A240002CDED /* Preview Assets.xcassets in Resources */,
				D361732A2C657A240002CDED /* Assets.xcassets in Resources */,
				D36173342C657A3B0002CDED /* GoogleService-Info.plist in Resources */,
			);
			runOnlyForDeploymentPostprocessing = 0;
		};
/* End PBXResourcesBuildPhase section */

/* Begin PBXSourcesBuildPhase section */
		D361731E2C657A240002CDED /* Sources */ = {
			isa = PBXSourcesBuildPhase;
			buildActionMask = 2147483647;
			files = (
				D36B6C862C8A41C400FF25CC /* AccessCameraView.swift in Sources */,
				D30033F72CE026D500E42415 /* FromMainView.swift in Sources */,
				D32D700E2D03C9C800AE38B0 /* VertexModel.swift in Sources */,
				D33A53E02CC06DF2003605B6 /* AddHangoutView.swift in Sources */,
				D39EF7C22C69819700040765 /* Utilities.swift in Sources */,
				D3750ADA2CB9D94A00FF69F2 /* FriendsListView.swift in Sources */,
				D39EF7D02C6981BD00040765 /* UserProfileView.swift in Sources */,
				D39EF7CF2C6981BD00040765 /* SettingsView.swift in Sources */,
				D39EF7EB2C6AB73000040765 /* UserManager.swift in Sources */,
				D3214BB12CDD55A900C802BA /* SocialNotification.swift in Sources */,
				D3A84B5E2C6C13680023500F /* GetInformationView.swift in Sources */,
				D3DA02592CB4582900F271E7 /* SearchBarView.swift in Sources */,
				D3F4E03F2D0942AB000B6EE5 /* Social Notification Enums.swift in Sources */,
				D39EF7D72C6981C500040765 /* AuthenticationVM.swift in Sources */,
				D36173262C657A240002CDED /* friendsApp.swift in Sources */,
				D30033F92CE026F600E42415 /* FromFriendView.swift in Sources */,
				D3FCD1072C6D5D8F002D4CEA /* Errors.swift in Sources */,
				D39EF7D32C6981BD00040765 /* SignUpView.swift in Sources */,
				D3C5FD292C9CD2580092B0F7 /* TypesenseManager.swift in Sources */,
				D39EF7D12C6981BD00040765 /* RootView.swift in Sources */,
				D39EF7CE2C6981BD00040765 /* CustomViews.swift in Sources */,
				D32D70102D03CBF300AE38B0 /* GenerateLocationsView.swift in Sources */,
				D3A84B602C6D13B60023500F /* MainView.swift in Sources */,
				D39EF7C52C69819700040765 /* GlobalVariables.swift in Sources */,
				D39EF7C12C69819700040765 /* GoogleSignInHelper.swift in Sources */,
				D36B6C842C8A3B3800FF25CC /* SettingsViewExtras.swift in Sources */,
				D3F4E03C2D093EC0000B6EE5 /* HangoutManager.swift in Sources */,
				D3DA02572CB43FFC00F271E7 /* TypesenseVM.swift in Sources */,
				D39EF7C42C69819700040765 /* AppleSignInHelper.swift in Sources */,
				D3214BAF2CDD559A00C802BA /* Hangout.swift in Sources */,
				D39EF7D22C6981BD00040765 /* SignInView.swift in Sources */,
				D39960DB2C82667800A641E6 /* TestFunctions.swift in Sources */,
				D3F4E03A2D093E95000B6EE5 /* HangoutFunctions.swift in Sources */,
				D3F4E0382D093E32000B6EE5 /* HangoutEnums.swift in Sources */,
				D35AD3BE2CB7014A00CC7B58 /* FriendRequest.swift in Sources */,
				D39136CB2CBC76B4009C1C2E /* SocialVM.swift in Sources */,
				D39EF7C32C69819700040765 /* AuthenticationManager.swift in Sources */,
				D3D459CA2CB4D195005B6B51 /* NotificationsView.swift in Sources */,
				D30033FB2CE0270900E42415 /* FormView.swift in Sources */,
				D33C44312CC4527A005A7062 /* FriendView.swift in Sources */,
			);
			runOnlyForDeploymentPostprocessing = 0;
		};
/* End PBXSourcesBuildPhase section */

/* Begin XCBuildConfiguration section */
		D361732E2C657A240002CDED /* Debug */ = {
			isa = XCBuildConfiguration;
			buildSettings = {
				ALWAYS_SEARCH_USER_PATHS = NO;
				ASSETCATALOG_COMPILER_GENERATE_SWIFT_ASSET_SYMBOL_EXTENSIONS = YES;
				CLANG_ANALYZER_NONNULL = YES;
				CLANG_ANALYZER_NUMBER_OBJECT_CONVERSION = YES_AGGRESSIVE;
				CLANG_CXX_LANGUAGE_STANDARD = "gnu++20";
				CLANG_ENABLE_MODULES = YES;
				CLANG_ENABLE_OBJC_ARC = YES;
				CLANG_ENABLE_OBJC_WEAK = YES;
				CLANG_WARN_BLOCK_CAPTURE_AUTORELEASING = YES;
				CLANG_WARN_BOOL_CONVERSION = YES;
				CLANG_WARN_COMMA = YES;
				CLANG_WARN_CONSTANT_CONVERSION = YES;
				CLANG_WARN_DEPRECATED_OBJC_IMPLEMENTATIONS = YES;
				CLANG_WARN_DIRECT_OBJC_ISA_USAGE = YES_ERROR;
				CLANG_WARN_DOCUMENTATION_COMMENTS = YES;
				CLANG_WARN_EMPTY_BODY = YES;
				CLANG_WARN_ENUM_CONVERSION = YES;
				CLANG_WARN_INFINITE_RECURSION = YES;
				CLANG_WARN_INT_CONVERSION = YES;
				CLANG_WARN_NON_LITERAL_NULL_CONVERSION = YES;
				CLANG_WARN_OBJC_IMPLICIT_RETAIN_SELF = YES;
				CLANG_WARN_OBJC_LITERAL_CONVERSION = YES;
				CLANG_WARN_OBJC_ROOT_CLASS = YES_ERROR;
				CLANG_WARN_QUOTED_INCLUDE_IN_FRAMEWORK_HEADER = YES;
				CLANG_WARN_RANGE_LOOP_ANALYSIS = YES;
				CLANG_WARN_STRICT_PROTOTYPES = YES;
				CLANG_WARN_SUSPICIOUS_MOVE = YES;
				CLANG_WARN_UNGUARDED_AVAILABILITY = YES_AGGRESSIVE;
				CLANG_WARN_UNREACHABLE_CODE = YES;
				CLANG_WARN__DUPLICATE_METHOD_MATCH = YES;
				COPY_PHASE_STRIP = NO;
				DEBUG_INFORMATION_FORMAT = dwarf;
				ENABLE_STRICT_OBJC_MSGSEND = YES;
				ENABLE_TESTABILITY = YES;
				ENABLE_USER_SCRIPT_SANDBOXING = YES;
				GCC_C_LANGUAGE_STANDARD = gnu11;
				GCC_DYNAMIC_NO_PIC = NO;
				GCC_NO_COMMON_BLOCKS = YES;
				GCC_OPTIMIZATION_LEVEL = 0;
				GCC_PREPROCESSOR_DEFINITIONS = (
					"DEBUG=1",
					"$(inherited)",
				);
				GCC_WARN_64_TO_32_BIT_CONVERSION = YES;
				GCC_WARN_ABOUT_RETURN_TYPE = YES_ERROR;
				GCC_WARN_UNDECLARED_SELECTOR = YES;
				GCC_WARN_UNINITIALIZED_AUTOS = YES_AGGRESSIVE;
				GCC_WARN_UNUSED_FUNCTION = YES;
				GCC_WARN_UNUSED_VARIABLE = YES;
				IPHONEOS_DEPLOYMENT_TARGET = 16.4;
				MTL_ENABLE_DEBUG_INFO = INCLUDE_SOURCE;
				MTL_FAST_MATH = YES;
				ONLY_ACTIVE_ARCH = YES;
				SDKROOT = iphoneos;
				SWIFT_ACTIVE_COMPILATION_CONDITIONS = DEBUG;
				SWIFT_OPTIMIZATION_LEVEL = "-Onone";
			};
			name = Debug;
		};
		D361732F2C657A240002CDED /* Release */ = {
			isa = XCBuildConfiguration;
			buildSettings = {
				ALWAYS_SEARCH_USER_PATHS = NO;
				ASSETCATALOG_COMPILER_GENERATE_SWIFT_ASSET_SYMBOL_EXTENSIONS = YES;
				CLANG_ANALYZER_NONNULL = YES;
				CLANG_ANALYZER_NUMBER_OBJECT_CONVERSION = YES_AGGRESSIVE;
				CLANG_CXX_LANGUAGE_STANDARD = "gnu++20";
				CLANG_ENABLE_MODULES = YES;
				CLANG_ENABLE_OBJC_ARC = YES;
				CLANG_ENABLE_OBJC_WEAK = YES;
				CLANG_WARN_BLOCK_CAPTURE_AUTORELEASING = YES;
				CLANG_WARN_BOOL_CONVERSION = YES;
				CLANG_WARN_COMMA = YES;
				CLANG_WARN_CONSTANT_CONVERSION = YES;
				CLANG_WARN_DEPRECATED_OBJC_IMPLEMENTATIONS = YES;
				CLANG_WARN_DIRECT_OBJC_ISA_USAGE = YES_ERROR;
				CLANG_WARN_DOCUMENTATION_COMMENTS = YES;
				CLANG_WARN_EMPTY_BODY = YES;
				CLANG_WARN_ENUM_CONVERSION = YES;
				CLANG_WARN_INFINITE_RECURSION = YES;
				CLANG_WARN_INT_CONVERSION = YES;
				CLANG_WARN_NON_LITERAL_NULL_CONVERSION = YES;
				CLANG_WARN_OBJC_IMPLICIT_RETAIN_SELF = YES;
				CLANG_WARN_OBJC_LITERAL_CONVERSION = YES;
				CLANG_WARN_OBJC_ROOT_CLASS = YES_ERROR;
				CLANG_WARN_QUOTED_INCLUDE_IN_FRAMEWORK_HEADER = YES;
				CLANG_WARN_RANGE_LOOP_ANALYSIS = YES;
				CLANG_WARN_STRICT_PROTOTYPES = YES;
				CLANG_WARN_SUSPICIOUS_MOVE = YES;
				CLANG_WARN_UNGUARDED_AVAILABILITY = YES_AGGRESSIVE;
				CLANG_WARN_UNREACHABLE_CODE = YES;
				CLANG_WARN__DUPLICATE_METHOD_MATCH = YES;
				COPY_PHASE_STRIP = NO;
				DEBUG_INFORMATION_FORMAT = "dwarf-with-dsym";
				ENABLE_NS_ASSERTIONS = NO;
				ENABLE_STRICT_OBJC_MSGSEND = YES;
				ENABLE_USER_SCRIPT_SANDBOXING = YES;
				GCC_C_LANGUAGE_STANDARD = gnu11;
				GCC_NO_COMMON_BLOCKS = YES;
				GCC_WARN_64_TO_32_BIT_CONVERSION = YES;
				GCC_WARN_ABOUT_RETURN_TYPE = YES_ERROR;
				GCC_WARN_UNDECLARED_SELECTOR = YES;
				GCC_WARN_UNINITIALIZED_AUTOS = YES_AGGRESSIVE;
				GCC_WARN_UNUSED_FUNCTION = YES;
				GCC_WARN_UNUSED_VARIABLE = YES;
				IPHONEOS_DEPLOYMENT_TARGET = 16.4;
				MTL_ENABLE_DEBUG_INFO = NO;
				MTL_FAST_MATH = YES;
				SDKROOT = iphoneos;
				SWIFT_COMPILATION_MODE = wholemodule;
				SWIFT_OPTIMIZATION_LEVEL = "-O";
				VALIDATE_PRODUCT = YES;
			};
			name = Release;
		};
		D36173312C657A240002CDED /* Debug */ = {
			isa = XCBuildConfiguration;
			buildSettings = {
				ASSETCATALOG_COMPILER_APPICON_NAME = AppIcon;
				ASSETCATALOG_COMPILER_GLOBAL_ACCENT_COLOR_NAME = AccentColor;
				CODE_SIGN_ENTITLEMENTS = friends/friends.entitlements;
				CODE_SIGN_STYLE = Automatic;
				CURRENT_PROJECT_VERSION = 1;
				DEVELOPMENT_ASSET_PATHS = "\"friends/Preview Content\"";
				DEVELOPMENT_TEAM = XX5LZY2VL5;
				ENABLE_PREVIEWS = YES;
				GENERATE_INFOPLIST_FILE = YES;
				INFOPLIST_FILE = friends/Info.plist;
				INFOPLIST_KEY_NSCameraUsageDescription = "Allow friends to use the camera?";
				INFOPLIST_KEY_UIApplicationSceneManifest_Generation = YES;
				INFOPLIST_KEY_UIApplicationSupportsIndirectInputEvents = YES;
				INFOPLIST_KEY_UILaunchScreen_Generation = YES;
				INFOPLIST_KEY_UISupportedInterfaceOrientations_iPad = "UIInterfaceOrientationPortrait UIInterfaceOrientationPortraitUpsideDown UIInterfaceOrientationLandscapeLeft UIInterfaceOrientationLandscapeRight";
				INFOPLIST_KEY_UISupportedInterfaceOrientations_iPhone = "UIInterfaceOrientationPortrait UIInterfaceOrientationLandscapeLeft UIInterfaceOrientationLandscapeRight";
				LD_RUNPATH_SEARCH_PATHS = (
					"$(inherited)",
					"@executable_path/Frameworks",
				);
				MARKETING_VERSION = 1.0;
				PRODUCT_BUNDLE_IDENTIFIER = "Bryan-Hoang.friends";
				PRODUCT_NAME = "$(TARGET_NAME)";
				SUPPORTED_PLATFORMS = "iphoneos iphonesimulator";
				SUPPORTS_MACCATALYST = NO;
				SUPPORTS_MAC_DESIGNED_FOR_IPHONE_IPAD = NO;
				SUPPORTS_XR_DESIGNED_FOR_IPHONE_IPAD = NO;
				SWIFT_EMIT_LOC_STRINGS = YES;
				SWIFT_VERSION = 5.0;
				TARGETED_DEVICE_FAMILY = 1;
			};
			name = Debug;
		};
		D36173322C657A240002CDED /* Release */ = {
			isa = XCBuildConfiguration;
			buildSettings = {
				ASSETCATALOG_COMPILER_APPICON_NAME = AppIcon;
				ASSETCATALOG_COMPILER_GLOBAL_ACCENT_COLOR_NAME = AccentColor;
				CODE_SIGN_ENTITLEMENTS = friends/friends.entitlements;
				CODE_SIGN_STYLE = Automatic;
				CURRENT_PROJECT_VERSION = 1;
				DEVELOPMENT_ASSET_PATHS = "\"friends/Preview Content\"";
				DEVELOPMENT_TEAM = XX5LZY2VL5;
				ENABLE_PREVIEWS = YES;
				GENERATE_INFOPLIST_FILE = YES;
				INFOPLIST_FILE = friends/Info.plist;
				INFOPLIST_KEY_NSCameraUsageDescription = "Allow friends to use the camera?";
				INFOPLIST_KEY_UIApplicationSceneManifest_Generation = YES;
				INFOPLIST_KEY_UIApplicationSupportsIndirectInputEvents = YES;
				INFOPLIST_KEY_UILaunchScreen_Generation = YES;
				INFOPLIST_KEY_UISupportedInterfaceOrientations_iPad = "UIInterfaceOrientationPortrait UIInterfaceOrientationPortraitUpsideDown UIInterfaceOrientationLandscapeLeft UIInterfaceOrientationLandscapeRight";
				INFOPLIST_KEY_UISupportedInterfaceOrientations_iPhone = "UIInterfaceOrientationPortrait UIInterfaceOrientationLandscapeLeft UIInterfaceOrientationLandscapeRight";
				LD_RUNPATH_SEARCH_PATHS = (
					"$(inherited)",
					"@executable_path/Frameworks",
				);
				MARKETING_VERSION = 1.0;
				PRODUCT_BUNDLE_IDENTIFIER = "Bryan-Hoang.friends";
				PRODUCT_NAME = "$(TARGET_NAME)";
				SUPPORTED_PLATFORMS = "iphoneos iphonesimulator";
				SUPPORTS_MACCATALYST = NO;
				SUPPORTS_MAC_DESIGNED_FOR_IPHONE_IPAD = NO;
				SUPPORTS_XR_DESIGNED_FOR_IPHONE_IPAD = NO;
				SWIFT_EMIT_LOC_STRINGS = YES;
				SWIFT_VERSION = 5.0;
				TARGETED_DEVICE_FAMILY = 1;
			};
			name = Release;
		};
/* End XCBuildConfiguration section */

/* Begin XCConfigurationList section */
		D361731D2C657A240002CDED /* Build configuration list for PBXProject "friends" */ = {
			isa = XCConfigurationList;
			buildConfigurations = (
				D361732E2C657A240002CDED /* Debug */,
				D361732F2C657A240002CDED /* Release */,
			);
			defaultConfigurationIsVisible = 0;
			defaultConfigurationName = Release;
		};
		D36173302C657A240002CDED /* Build configuration list for PBXNativeTarget "friends" */ = {
			isa = XCConfigurationList;
			buildConfigurations = (
				D36173312C657A240002CDED /* Debug */,
				D36173322C657A240002CDED /* Release */,
			);
			defaultConfigurationIsVisible = 0;
			defaultConfigurationName = Release;
		};
/* End XCConfigurationList section */

/* Begin XCRemoteSwiftPackageReference section */
		D315E5CA2C88F78F00E59A87 /* XCRemoteSwiftPackageReference "SwiftyCrop" */ = {
			isa = XCRemoteSwiftPackageReference;
			repositoryURL = "https://github.com/benedom/SwiftyCrop";
			requirement = {
				branch = master;
				kind = branch;
			};
		};
		D32D70112D03F62300AE38B0 /* XCRemoteSwiftPackageReference "swift-markdown-ui" */ = {
			isa = XCRemoteSwiftPackageReference;
			repositoryURL = "https://github.com/gonzalezreal/swift-markdown-ui.git";
			requirement = {
				kind = upToNextMajorVersion;
				minimumVersion = 2.4.1;
			};
		};
		D36B6C802C8A187300FF25CC /* XCRemoteSwiftPackageReference "Kingfisher" */ = {
			isa = XCRemoteSwiftPackageReference;
			repositoryURL = "https://github.com/onevcat/Kingfisher.git";
			requirement = {
				kind = upToNextMajorVersion;
				minimumVersion = 7.12.0;
			};
		};
		D37CC4902C828C57003015A9 /* XCRemoteSwiftPackageReference "JWTDecode" */ = {
			isa = XCRemoteSwiftPackageReference;
			repositoryURL = "https://github.com/auth0/JWTDecode.swift";
			requirement = {
				kind = upToNextMajorVersion;
				minimumVersion = 3.1.0;
			};
		};
		D3C5FD252C9CD2190092B0F7 /* XCRemoteSwiftPackageReference "typesense-swift" */ = {
			isa = XCRemoteSwiftPackageReference;
			repositoryURL = "https://github.com/typesense/typesense-swift.git";
			requirement = {
				branch = master;
				kind = branch;
			};
		};
		D3D88C8E2C6582ED00DEBE14 /* XCRemoteSwiftPackageReference "firebase-ios-sdk" */ = {
			isa = XCRemoteSwiftPackageReference;
			repositoryURL = "https://github.com/firebase/firebase-ios-sdk.git";
			requirement = {
				kind = upToNextMajorVersion;
				minimumVersion = 10.27.0;
			};
		};
		D3D88C972C6582FC00DEBE14 /* XCRemoteSwiftPackageReference "GoogleSignIn-iOS" */ = {
			isa = XCRemoteSwiftPackageReference;
			repositoryURL = "https://github.com/google/GoogleSignIn-iOS.git";
			requirement = {
				kind = upToNextMajorVersion;
				minimumVersion = 7.0.0;
			};
		};
/* End XCRemoteSwiftPackageReference section */

/* Begin XCSwiftPackageProductDependency section */
		D315E5CB2C88F78F00E59A87 /* SwiftyCrop */ = {
			isa = XCSwiftPackageProductDependency;
			package = D315E5CA2C88F78F00E59A87 /* XCRemoteSwiftPackageReference "SwiftyCrop" */;
			productName = SwiftyCrop;
		};
		D36B6C812C8A187300FF25CC /* Kingfisher */ = {
			isa = XCSwiftPackageProductDependency;
			package = D36B6C802C8A187300FF25CC /* XCRemoteSwiftPackageReference "Kingfisher" */;
			productName = Kingfisher;
		};
		D36F33D02D03BF5700710ACC /* FirebaseVertexAI-Preview */ = {
			isa = XCSwiftPackageProductDependency;
			package = D3D88C8E2C6582ED00DEBE14 /* XCRemoteSwiftPackageReference "firebase-ios-sdk" */;
			productName = "FirebaseVertexAI-Preview";
		};
		D3847E362C89437200694EF8 /* FirebaseStorage */ = {
			isa = XCSwiftPackageProductDependency;
			package = D3D88C8E2C6582ED00DEBE14 /* XCRemoteSwiftPackageReference "firebase-ios-sdk" */;
			productName = FirebaseStorage;
		};
		D3847E382C89437200694EF8 /* FirebaseStorageCombine-Community */ = {
			isa = XCSwiftPackageProductDependency;
			package = D3D88C8E2C6582ED00DEBE14 /* XCRemoteSwiftPackageReference "firebase-ios-sdk" */;
			productName = "FirebaseStorageCombine-Community";
		};
		D39EF7E12C6AA56B00040765 /* FirebaseAuth */ = {
			isa = XCSwiftPackageProductDependency;
			package = D3D88C8E2C6582ED00DEBE14 /* XCRemoteSwiftPackageReference "firebase-ios-sdk" */;
			productName = FirebaseAuth;
		};
		D39EF7E62C6AB16100040765 /* FirebaseFirestore */ = {
			isa = XCSwiftPackageProductDependency;
			package = D3D88C8E2C6582ED00DEBE14 /* XCRemoteSwiftPackageReference "firebase-ios-sdk" */;
			productName = FirebaseFirestore;
		};
		D39EF7E82C6AB16100040765 /* FirebaseFirestoreSwift */ = {
			isa = XCSwiftPackageProductDependency;
			package = D3D88C8E2C6582ED00DEBE14 /* XCRemoteSwiftPackageReference "firebase-ios-sdk" */;
			productName = FirebaseFirestoreSwift;
		};
		D3C5FD262C9CD2190092B0F7 /* Typesense */ = {
			isa = XCSwiftPackageProductDependency;
			package = D3C5FD252C9CD2190092B0F7 /* XCRemoteSwiftPackageReference "typesense-swift" */;
			productName = Typesense;
		};
		D3D88C8F2C6582ED00DEBE14 /* FirebaseAnalytics */ = {
			isa = XCSwiftPackageProductDependency;
			package = D3D88C8E2C6582ED00DEBE14 /* XCRemoteSwiftPackageReference "firebase-ios-sdk" */;
			productName = FirebaseAnalytics;
		};
		D3D88C952C6582ED00DEBE14 /* FirebaseAuthCombine-Community */ = {
			isa = XCSwiftPackageProductDependency;
			package = D3D88C8E2C6582ED00DEBE14 /* XCRemoteSwiftPackageReference "firebase-ios-sdk" */;
			productName = "FirebaseAuthCombine-Community";
		};
		D3D88C982C6582FC00DEBE14 /* GoogleSignIn */ = {
			isa = XCSwiftPackageProductDependency;
			package = D3D88C972C6582FC00DEBE14 /* XCRemoteSwiftPackageReference "GoogleSignIn-iOS" */;
			productName = GoogleSignIn;
		};
		D3D88C9A2C6582FC00DEBE14 /* GoogleSignInSwift */ = {
			isa = XCSwiftPackageProductDependency;
			package = D3D88C972C6582FC00DEBE14 /* XCRemoteSwiftPackageReference "GoogleSignIn-iOS" */;
			productName = GoogleSignInSwift;
		};
		D3DA02522CB1ED0900F271E7 /* FirebaseFunctions */ = {
			isa = XCSwiftPackageProductDependency;
			package = D3D88C8E2C6582ED00DEBE14 /* XCRemoteSwiftPackageReference "firebase-ios-sdk" */;
			productName = FirebaseFunctions;
		};
		D3DA02542CB1ED0900F271E7 /* FirebaseFunctionsCombine-Community */ = {
			isa = XCSwiftPackageProductDependency;
			package = D3D88C8E2C6582ED00DEBE14 /* XCRemoteSwiftPackageReference "firebase-ios-sdk" */;
			productName = "FirebaseFunctionsCombine-Community";
		};
		D3F4E0322D03F6DE000B6EE5 /* MarkdownUI */ = {
			isa = XCSwiftPackageProductDependency;
			package = D32D70112D03F62300AE38B0 /* XCRemoteSwiftPackageReference "swift-markdown-ui" */;
			productName = MarkdownUI;
		};
/* End XCSwiftPackageProductDependency section */
	};
	rootObject = D361731A2C657A240002CDED /* Project object */;
}
